// !$*UTF8*$!
{
	archiveVersion = 1;
	classes = {
	};
	objectVersion = 50;
	objects = {

/* Begin PBXBuildFile section */
		D98A9A99257126090074F18E /* SliderCell.swift in Sources */ = {isa = PBXBuildFile; fileRef = D98A9A98257126090074F18E /* SliderCell.swift */; };
		D9E898EE256F67320034D92A /* AppDelegate.swift in Sources */ = {isa = PBXBuildFile; fileRef = D9E898ED256F67320034D92A /* AppDelegate.swift */; };
		D9E898F0256F67320034D92A /* SceneDelegate.swift in Sources */ = {isa = PBXBuildFile; fileRef = D9E898EF256F67320034D92A /* SceneDelegate.swift */; };
		D9E898F5256F67320034D92A /* Main.storyboard in Resources */ = {isa = PBXBuildFile; fileRef = D9E898F3256F67320034D92A /* Main.storyboard */; };
		D9E898F7256F67350034D92A /* Assets.xcassets in Resources */ = {isa = PBXBuildFile; fileRef = D9E898F6256F67350034D92A /* Assets.xcassets */; };
		D9E898FA256F67350034D92A /* LaunchScreen.storyboard in Resources */ = {isa = PBXBuildFile; fileRef = D9E898F8256F67350034D92A /* LaunchScreen.storyboard */; };
		D9E8990A256FC4460034D92A /* CategoryVC.swift in Sources */ = {isa = PBXBuildFile; fileRef = D9E89909256FC4460034D92A /* CategoryVC.swift */; };
		D9E8990E256FC46C0034D92A /* CustomisedButton.swift in Sources */ = {isa = PBXBuildFile; fileRef = D9E8990D256FC46C0034D92A /* CustomisedButton.swift */; };
		D9E89912256FC5F10034D92A /* UIButtonExtension.swift in Sources */ = {isa = PBXBuildFile; fileRef = D9E89911256FC5F10034D92A /* UIButtonExtension.swift */; };
/* End PBXBuildFile section */

/* Begin PBXFileReference section */
		D98A9A98257126090074F18E /* SliderCell.swift */ = {isa = PBXFileReference; lastKnownFileType = sourcecode.swift; path = SliderCell.swift; sourceTree = "<group>"; };
		D9E898EA256F67310034D92A /* Grocery.app */ = {isa = PBXFileReference; explicitFileType = wrapper.application; includeInIndex = 0; path = Grocery.app; sourceTree = BUILT_PRODUCTS_DIR; };
		D9E898ED256F67320034D92A /* AppDelegate.swift */ = {isa = PBXFileReference; lastKnownFileType = sourcecode.swift; path = AppDelegate.swift; sourceTree = "<group>"; };
		D9E898EF256F67320034D92A /* SceneDelegate.swift */ = {isa = PBXFileReference; lastKnownFileType = sourcecode.swift; path = SceneDelegate.swift; sourceTree = "<group>"; };
		D9E898F4256F67320034D92A /* Base */ = {isa = PBXFileReference; lastKnownFileType = file.storyboard; name = Base; path = Base.lproj/Main.storyboard; sourceTree = "<group>"; };
		D9E898F6256F67350034D92A /* Assets.xcassets */ = {isa = PBXFileReference; lastKnownFileType = folder.assetcatalog; path = Assets.xcassets; sourceTree = "<group>"; };
		D9E898F9256F67350034D92A /* Base */ = {isa = PBXFileReference; lastKnownFileType = file.storyboard; name = Base; path = Base.lproj/LaunchScreen.storyboard; sourceTree = "<group>"; };
		D9E898FB256F67350034D92A /* Info.plist */ = {isa = PBXFileReference; lastKnownFileType = text.plist.xml; path = Info.plist; sourceTree = "<group>"; };
		D9E89909256FC4460034D92A /* CategoryVC.swift */ = {isa = PBXFileReference; lastKnownFileType = sourcecode.swift; path = CategoryVC.swift; sourceTree = "<group>"; };
		D9E8990D256FC46C0034D92A /* CustomisedButton.swift */ = {isa = PBXFileReference; lastKnownFileType = sourcecode.swift; path = CustomisedButton.swift; sourceTree = "<group>"; };
		D9E89911256FC5F10034D92A /* UIButtonExtension.swift */ = {isa = PBXFileReference; lastKnownFileType = sourcecode.swift; path = UIButtonExtension.swift; sourceTree = "<group>"; };
/* End PBXFileReference section */

/* Begin PBXFrameworksBuildPhase section */
		D9E898E7256F67310034D92A /* Frameworks */ = {
			isa = PBXFrameworksBuildPhase;
			buildActionMask = 2147483647;
			files = (
			);
			runOnlyForDeploymentPostprocessing = 0;
		};
/* End PBXFrameworksBuildPhase section */

/* Begin PBXGroup section */
		D9E898E1256F67310034D92A = {
			isa = PBXGroup;
			children = (
				D9E898EC256F67320034D92A /* Grocery */,
				D9E898EB256F67310034D92A /* Products */,
			);
			sourceTree = "<group>";
		};
		D9E898EB256F67310034D92A /* Products */ = {
			isa = PBXGroup;
			children = (
				D9E898EA256F67310034D92A /* Grocery.app */,
			);
			name = Products;
			sourceTree = "<group>";
		};
		D9E898EC256F67320034D92A /* Grocery */ = {
			isa = PBXGroup;
			children = (
				D9E89910256FC5AD0034D92A /* Extensions */,
				D9E89908256FC41C0034D92A /* Model */,
				D9E89907256FC4100034D92A /* Controller */,
				D9E89906256FC3FF0034D92A /* View */,
				D9E898ED256F67320034D92A /* AppDelegate.swift */,
				D9E898EF256F67320034D92A /* SceneDelegate.swift */,
				D9E898F3256F67320034D92A /* Main.storyboard */,
				D9E898F6256F67350034D92A /* Assets.xcassets */,
				D9E898F8256F67350034D92A /* LaunchScreen.storyboard */,
				D9E898FB256F67350034D92A /* Info.plist */,
			);
			path = Grocery;
			sourceTree = "<group>";
		};
		D9E89906256FC3FF0034D92A /* View */ = {
			isa = PBXGroup;
			children = (
				D9E8990D256FC46C0034D92A /* CustomisedButton.swift */,
				D98A9A98257126090074F18E /* SliderCell.swift */,
			);
			path = View;
			sourceTree = "<group>";
		};
		D9E89907256FC4100034D92A /* Controller */ = {
			isa = PBXGroup;
			children = (
				D9E89909256FC4460034D92A /* CategoryVC.swift */,
			);
			path = Controller;
			sourceTree = "<group>";
		};
		D9E89908256FC41C0034D92A /* Model */ = {
			isa = PBXGroup;
			children = (
			);
			path = Model;
			sourceTree = "<group>";
		};
		D9E89910256FC5AD0034D92A /* Extensions */ = {
			isa = PBXGroup;
			children = (
				D9E89911256FC5F10034D92A /* UIButtonExtension.swift */,
			);
			path = Extensions;
			sourceTree = "<group>";
		};
/* End PBXGroup section */

/* Begin PBXNativeTarget section */
		D9E898E9256F67310034D92A /* Grocery */ = {
			isa = PBXNativeTarget;
			buildConfigurationList = D9E898FE256F67350034D92A /* Build configuration list for PBXNativeTarget "Grocery" */;
			buildPhases = (
				D9E898E6256F67310034D92A /* Sources */,
				D9E898E7256F67310034D92A /* Frameworks */,
				D9E898E8256F67310034D92A /* Resources */,
			);
			buildRules = (
			);
			dependencies = (
			);
			name = Grocery;
			productName = Grocery;
			productReference = D9E898EA256F67310034D92A /* Grocery.app */;
			productType = "com.apple.product-type.application";
		};
/* End PBXNativeTarget section */

/* Begin PBXProject section */
		D9E898E2256F67310034D92A /* Project object */ = {
			isa = PBXProject;
			attributes = {
				LastSwiftUpdateCheck = 1220;
				LastUpgradeCheck = 1220;
				TargetAttributes = {
					D9E898E9256F67310034D92A = {
						CreatedOnToolsVersion = 12.2;
					};
				};
			};
			buildConfigurationList = D9E898E5256F67310034D92A /* Build configuration list for PBXProject "Grocery" */;
			compatibilityVersion = "Xcode 9.3";
			developmentRegion = en;
			hasScannedForEncodings = 0;
			knownRegions = (
				en,
				Base,
			);
			mainGroup = D9E898E1256F67310034D92A;
			productRefGroup = D9E898EB256F67310034D92A /* Products */;
			projectDirPath = "";
			projectRoot = "";
			targets = (
				D9E898E9256F67310034D92A /* Grocery */,
			);
		};
/* End PBXProject section */

/* Begin PBXResourcesBuildPhase section */
		D9E898E8256F67310034D92A /* Resources */ = {
			isa = PBXResourcesBuildPhase;
			buildActionMask = 2147483647;
			files = (
				D9E898FA256F67350034D92A /* LaunchScreen.storyboard in Resources */,
				D9E898F7256F67350034D92A /* Assets.xcassets in Resources */,
				D9E898F5256F67320034D92A /* Main.storyboard in Resources */,
			);
			runOnlyForDeploymentPostprocessing = 0;
		};
/* End PBXResourcesBuildPhase section */

/* Begin PBXSourcesBuildPhase section */
		D9E898E6256F67310034D92A /* Sources */ = {
			isa = PBXSourcesBuildPhase;
			buildActionMask = 2147483647;
			files = (
				D9E8990A256FC4460034D92A /* CategoryVC.swift in Sources */,
				D9E89912256FC5F10034D92A /* UIButtonExtension.swift in Sources */,
				D9E8990E256FC46C0034D92A /* CustomisedButton.swift in Sources */,
				D9E898EE256F67320034D92A /* AppDelegate.swift in Sources */,
				D98A9A99257126090074F18E /* SliderCell.swift in Sources */,
				D9E898F0256F67320034D92A /* SceneDelegate.swift in Sources */,
			);
			runOnlyForDeploymentPostprocessing = 0;
		};
/* End PBXSourcesBuildPhase section */

/* Begin PBXVariantGroup section */
		D9E898F3256F67320034D92A /* Main.storyboard */ = {
			isa = PBXVariantGroup;
			children = (
				D9E898F4256F67320034D92A /* Base */,
			);
			name = Main.storyboard;
			sourceTree = "<group>";
		};
		D9E898F8256F67350034D92A /* LaunchScreen.storyboard */ = {
			isa = PBXVariantGroup;
			children = (
				D9E898F9256F67350034D92A /* Base */,
			);
			name = LaunchScreen.storyboard;
			sourceTree = "<group>";
		};
/* End PBXVariantGroup section */

/* Begin XCBuildConfiguration section */
		D9E898FC256F67350034D92A /* Debug */ = {
			isa = XCBuildConfiguration;
			buildSettings = {
				ALWAYS_SEARCH_USER_PATHS = NO;
				CLANG_ANALYZER_NONNULL = YES;
				CLANG_ANALYZER_NUMBER_OBJECT_CONVERSION = YES_AGGRESSIVE;
				CLANG_CXX_LANGUAGE_STANDARD = "gnu++14";
				CLANG_CXX_LIBRARY = "libc++";
				CLANG_ENABLE_MODULES = YES;
				CLANG_ENABLE_OBJC_ARC = YES;
				CLANG_ENABLE_OBJC_WEAK = YES;
				CLANG_WARN_BLOCK_CAPTURE_AUTORELEASING = YES;
				CLANG_WARN_BOOL_CONVERSION = YES;
				CLANG_WARN_COMMA = YES;
				CLANG_WARN_CONSTANT_CONVERSION = YES;
				CLANG_WARN_DEPRECATED_OBJC_IMPLEMENTATIONS = YES;
				CLANG_WARN_DIRECT_OBJC_ISA_USAGE = YES_ERROR;
				CLANG_WARN_DOCUMENTATION_COMMENTS = YES;
				CLANG_WARN_EMPTY_BODY = YES;
				CLANG_WARN_ENUM_CONVERSION = YES;
				CLANG_WARN_INFINITE_RECURSION = YES;
				CLANG_WARN_INT_CONVERSION = YES;
				CLANG_WARN_NON_LITERAL_NULL_CONVERSION = YES;
				CLANG_WARN_OBJC_IMPLICIT_RETAIN_SELF = YES;
				CLANG_WARN_OBJC_LITERAL_CONVERSION = YES;
				CLANG_WARN_OBJC_ROOT_CLASS = YES_ERROR;
				CLANG_WARN_QUOTED_INCLUDE_IN_FRAMEWORK_HEADER = YES;
				CLANG_WARN_RANGE_LOOP_ANALYSIS = YES;
				CLANG_WARN_STRICT_PROTOTYPES = YES;
				CLANG_WARN_SUSPICIOUS_MOVE = YES;
				CLANG_WARN_UNGUARDED_AVAILABILITY = YES_AGGRESSIVE;
				CLANG_WARN_UNREACHABLE_CODE = YES;
				CLANG_WARN__DUPLICATE_METHOD_MATCH = YES;
				COPY_PHASE_STRIP = NO;
				DEBUG_INFORMATION_FORMAT = dwarf;
				ENABLE_STRICT_OBJC_MSGSEND = YES;
				ENABLE_TESTABILITY = YES;
				GCC_C_LANGUAGE_STANDARD = gnu11;
				GCC_DYNAMIC_NO_PIC = NO;
				GCC_NO_COMMON_BLOCKS = YES;
				GCC_OPTIMIZATION_LEVEL = 0;
				GCC_PREPROCESSOR_DEFINITIONS = (
					"DEBUG=1",
					"$(inherited)",
				);
				GCC_WARN_64_TO_32_BIT_CONVERSION = YES;
				GCC_WARN_ABOUT_RETURN_TYPE = YES_ERROR;
				GCC_WARN_UNDECLARED_SELECTOR = YES;
				GCC_WARN_UNINITIALIZED_AUTOS = YES_AGGRESSIVE;
				GCC_WARN_UNUSED_FUNCTION = YES;
				GCC_WARN_UNUSED_VARIABLE = YES;
				IPHONEOS_DEPLOYMENT_TARGET = 14.2;
				MTL_ENABLE_DEBUG_INFO = INCLUDE_SOURCE;
				MTL_FAST_MATH = YES;
				ONLY_ACTIVE_ARCH = YES;
				SDKROOT = iphoneos;
				SWIFT_ACTIVE_COMPILATION_CONDITIONS = DEBUG;
				SWIFT_OPTIMIZATION_LEVEL = "-Onone";
			};
			name = Debug;
		};
		D9E898FD256F67350034D92A /* Release */ = {
			isa = XCBuildConfiguration;
			buildSettings = {
				ALWAYS_SEARCH_USER_PATHS = NO;
				CLANG_ANALYZER_NONNULL = YES;
				CLANG_ANALYZER_NUMBER_OBJECT_CONVERSION = YES_AGGRESSIVE;
				CLANG_CXX_LANGUAGE_STANDARD = "gnu++14";
				CLANG_CXX_LIBRARY = "libc++";
				CLANG_ENABLE_MODULES = YES;
				CLANG_ENABLE_OBJC_ARC = YES;
				CLANG_ENABLE_OBJC_WEAK = YES;
				CLANG_WARN_BLOCK_CAPTURE_AUTORELEASING = YES;
				CLANG_WARN_BOOL_CONVERSION = YES;
				CLANG_WARN_COMMA = YES;
				CLANG_WARN_CONSTANT_CONVERSION = YES;
				CLANG_WARN_DEPRECATED_OBJC_IMPLEMENTATIONS = YES;
				CLANG_WARN_DIRECT_OBJC_ISA_USAGE = YES_ERROR;
				CLANG_WARN_DOCUMENTATION_COMMENTS = YES;
				CLANG_WARN_EMPTY_BODY = YES;
				CLANG_WARN_ENUM_CONVERSION = YES;
				CLANG_WARN_INFINITE_RECURSION = YES;
				CLANG_WARN_INT_CONVERSION = YES;
				CLANG_WARN_NON_LITERAL_NULL_CONVERSION = YES;
				CLANG_WARN_OBJC_IMPLICIT_RETAIN_SELF = YES;
				CLANG_WARN_OBJC_LITERAL_CONVERSION = YES;
				CLANG_WARN_OBJC_ROOT_CLASS = YES_ERROR;
				CLANG_WARN_QUOTED_INCLUDE_IN_FRAMEWORK_HEADER = YES;
				CLANG_WARN_RANGE_LOOP_ANALYSIS = YES;
				CLANG_WARN_STRICT_PROTOTYPES = YES;
				CLANG_WARN_SUSPICIOUS_MOVE = YES;
				CLANG_WARN_UNGUARDED_AVAILABILITY = YES_AGGRESSIVE;
				CLANG_WARN_UNREACHABLE_CODE = YES;
				CLANG_WARN__DUPLICATE_METHOD_MATCH = YES;
				COPY_PHASE_STRIP = NO;
				DEBUG_INFORMATION_FORMAT = "dwarf-with-dsym";
				ENABLE_NS_ASSERTIONS = NO;
				ENABLE_STRICT_OBJC_MSGSEND = YES;
				GCC_C_LANGUAGE_STANDARD = gnu11;
				GCC_NO_COMMON_BLOCKS = YES;
				GCC_WARN_64_TO_32_BIT_CONVERSION = YES;
				GCC_WARN_ABOUT_RETURN_TYPE = YES_ERROR;
				GCC_WARN_UNDECLARED_SELECTOR = YES;
				GCC_WARN_UNINITIALIZED_AUTOS = YES_AGGRESSIVE;
				GCC_WARN_UNUSED_FUNCTION = YES;
				GCC_WARN_UNUSED_VARIABLE = YES;
				IPHONEOS_DEPLOYMENT_TARGET = 14.2;
				MTL_ENABLE_DEBUG_INFO = NO;
				MTL_FAST_MATH = YES;
				SDKROOT = iphoneos;
				SWIFT_COMPILATION_MODE = wholemodule;
				SWIFT_OPTIMIZATION_LEVEL = "-O";
				VALIDATE_PRODUCT = YES;
			};
			name = Release;
		};
		D9E898FF256F67350034D92A /* Debug */ = {
			isa = XCBuildConfiguration;
			buildSettings = {
				ASSETCATALOG_COMPILER_APPICON_NAME = AppIcon;
				ASSETCATALOG_COMPILER_GLOBAL_ACCENT_COLOR_NAME = AccentColor;
				CODE_SIGN_STYLE = Automatic;
				DEVELOPMENT_TEAM = 8XMJQW5KUC;
				INFOPLIST_FILE = Grocery/Info.plist;
				LD_RUNPATH_SEARCH_PATHS = (
					"$(inherited)",
					"@executable_path/Frameworks",
				);
				PRODUCT_BUNDLE_IDENTIFIER = Muskan.Grocery;
				PRODUCT_NAME = "$(TARGET_NAME)";
				SWIFT_VERSION = 5.0;
				TARGETED_DEVICE_FAMILY = "1,2";
			};
			name = Debug;
		};
		D9E89900256F67350034D92A /* Release */ = {
			isa = XCBuildConfiguration;
			buildSettings = {
				ASSETCATALOG_COMPILER_APPICON_NAME = AppIcon;
				ASSETCATALOG_COMPILER_GLOBAL_ACCENT_COLOR_NAME = AccentColor;
				CODE_SIGN_STYLE = Automatic;
				DEVELOPMENT_TEAM = 8XMJQW5KUC;
				INFOPLIST_FILE = Grocery/Info.plist;
				LD_RUNPATH_SEARCH_PATHS = (
					"$(inherited)",
					"@executable_path/Frameworks",
				);
				PRODUCT_BUNDLE_IDENTIFIER = Muskan.Grocery;
				PRODUCT_NAME = "$(TARGET_NAME)";
				SWIFT_VERSION = 5.0;
				TARGETED_DEVICE_FAMILY = "1,2";
			};
			name = Release;
		};
/* End XCBuildConfiguration section */

/* Begin XCConfigurationList section */
		D9E898E5256F67310034D92A /* Build configuration list for PBXProject "Grocery" */ = {
			isa = XCConfigurationList;
			buildConfigurations = (
				D9E898FC256F67350034D92A /* Debug */,
				D9E898FD256F67350034D92A /* Release */,
			);
			defaultConfigurationIsVisible = 0;
			defaultConfigurationName = Release;
		};
		D9E898FE256F67350034D92A /* Build configuration list for PBXNativeTarget "Grocery" */ = {
			isa = XCConfigurationList;
			buildConfigurations = (
				D9E898FF256F67350034D92A /* Debug */,
				D9E89900256F67350034D92A /* Release */,
			);
			defaultConfigurationIsVisible = 0;
			defaultConfigurationName = Release;
		};
/* End XCConfigurationList section */
	};
	rootObject = D9E898E2256F67310034D92A /* Project object */;
}
